// !$*UTF8*$!
{
	archiveVersion = 1;
	classes = {
	};
	objectVersion = 56;
	objects = {

/* Begin PBXBuildFile section */
		A066719A2A97B78A00A6FA29 /* Quaternions.swift in Sources */ = {isa = PBXBuildFile; fileRef = A06671992A97B78A00A6FA29 /* Quaternions.swift */; };
		A066719C2A97E76500A6FA29 /* QuaternionsTests.swift in Sources */ = {isa = PBXBuildFile; fileRef = A066719B2A97E76500A6FA29 /* QuaternionsTests.swift */; };
		A066719D2A97E7E100A6FA29 /* Quaternions.swift in Sources */ = {isa = PBXBuildFile; fileRef = A06671992A97B78A00A6FA29 /* Quaternions.swift */; };
		A0BA90DD2A93FB5C00944CB9 /* swift_openglTests.swift in Sources */ = {isa = PBXBuildFile; fileRef = A0BA90DC2A93FB5C00944CB9 /* swift_openglTests.swift */; };
		A0BA90E42A93FC1E00944CB9 /* MatrixTests.swift in Sources */ = {isa = PBXBuildFile; fileRef = A0BA90E32A93FC1E00944CB9 /* MatrixTests.swift */; };
		A0BA90E62A953FFF00944CB9 /* Matrix.swift in Sources */ = {isa = PBXBuildFile; fileRef = A0BA90E52A953FFF00944CB9 /* Matrix.swift */; };
		A0BA90E72A9540CD00944CB9 /* Matrix.swift in Sources */ = {isa = PBXBuildFile; fileRef = A0BA90E52A953FFF00944CB9 /* Matrix.swift */; };
		A0BA90E92A954CF300944CB9 /* Vector.swift in Sources */ = {isa = PBXBuildFile; fileRef = A0BA90E82A954CF300944CB9 /* Vector.swift */; };
		A0BA90EA2A954D0900944CB9 /* Vector.swift in Sources */ = {isa = PBXBuildFile; fileRef = A0BA90E82A954CF300944CB9 /* Vector.swift */; };
		A0BA90EC2A954D4F00944CB9 /* VectorTests.swift in Sources */ = {isa = PBXBuildFile; fileRef = A0BA90EB2A954D4F00944CB9 /* VectorTests.swift */; };
		A0BF7AF92A8431AD0043FDA6 /* AppDelegate.swift in Sources */ = {isa = PBXBuildFile; fileRef = A0BF7AF82A8431AD0043FDA6 /* AppDelegate.swift */; };
		A0BF7AFB2A8431AD0043FDA6 /* SceneDelegate.swift in Sources */ = {isa = PBXBuildFile; fileRef = A0BF7AFA2A8431AD0043FDA6 /* SceneDelegate.swift */; };
		A0BF7AFD2A8431AD0043FDA6 /* ViewController.swift in Sources */ = {isa = PBXBuildFile; fileRef = A0BF7AFC2A8431AD0043FDA6 /* ViewController.swift */; };
		A0BF7B002A8431AD0043FDA6 /* Main.storyboard in Resources */ = {isa = PBXBuildFile; fileRef = A0BF7AFE2A8431AD0043FDA6 /* Main.storyboard */; };
		A0BF7B022A8431B20043FDA6 /* Assets.xcassets in Resources */ = {isa = PBXBuildFile; fileRef = A0BF7B012A8431B20043FDA6 /* Assets.xcassets */; };
		A0BF7B052A8431B20043FDA6 /* LaunchScreen.storyboard in Resources */ = {isa = PBXBuildFile; fileRef = A0BF7B032A8431B20043FDA6 /* LaunchScreen.storyboard */; };
		A0BF7B0D2A8437FD0043FDA6 /* Vertex.swift in Sources */ = {isa = PBXBuildFile; fileRef = A0BF7B0C2A8437FD0043FDA6 /* Vertex.swift */; };
		A0BF7B122A8438740043FDA6 /* ArrayExtension.swift in Sources */ = {isa = PBXBuildFile; fileRef = A0BF7B112A8438740043FDA6 /* ArrayExtension.swift */; };
		A0BF7B142A895F1A0043FDA6 /* ViewController+ContextMenu.swift in Sources */ = {isa = PBXBuildFile; fileRef = A0BF7B132A895F1A0043FDA6 /* ViewController+ContextMenu.swift */; };
		A0BF7B162A89600E0043FDA6 /* ViewController+OpenGL.swift in Sources */ = {isa = PBXBuildFile; fileRef = A0BF7B152A89600E0043FDA6 /* ViewController+OpenGL.swift */; };
		A0BF7B192A8AB63A0043FDA6 /* SquareController.swift in Sources */ = {isa = PBXBuildFile; fileRef = A0BF7B182A8AB63A0043FDA6 /* SquareController.swift */; };
		A0BF7B1B2A8AB6930043FDA6 /* SplashController.swift in Sources */ = {isa = PBXBuildFile; fileRef = A0BF7B1A2A8AB6930043FDA6 /* SplashController.swift */; };
		A0BF7B1D2A8ABA2F0043FDA6 /* SphereController.swift in Sources */ = {isa = PBXBuildFile; fileRef = A0BF7B1C2A8ABA2F0043FDA6 /* SphereController.swift */; };
		A0BF7B1F2A8B5DA60043FDA6 /* PyramidController.swift in Sources */ = {isa = PBXBuildFile; fileRef = A0BF7B1E2A8B5DA60043FDA6 /* PyramidController.swift */; };
/* End PBXBuildFile section */

/* Begin PBXContainerItemProxy section */
		A0BA90DE2A93FB5C00944CB9 /* PBXContainerItemProxy */ = {
			isa = PBXContainerItemProxy;
			containerPortal = A0BF7AED2A8431AD0043FDA6 /* Project object */;
			proxyType = 1;
			remoteGlobalIDString = A0BF7AF42A8431AD0043FDA6;
			remoteInfo = "swift-opengl";
		};
/* End PBXContainerItemProxy section */

/* Begin PBXFileReference section */
		A066717A2A95CB4300A6FA29 /* swift-opengl.xctestplan */ = {isa = PBXFileReference; lastKnownFileType = text; path = "swift-opengl.xctestplan"; sourceTree = "<group>"; };
		A06671992A97B78A00A6FA29 /* Quaternions.swift */ = {isa = PBXFileReference; lastKnownFileType = sourcecode.swift; path = Quaternions.swift; sourceTree = "<group>"; };
		A066719B2A97E76500A6FA29 /* QuaternionsTests.swift */ = {isa = PBXFileReference; lastKnownFileType = sourcecode.swift; path = QuaternionsTests.swift; sourceTree = "<group>"; };
		A0BA90DA2A93FB5C00944CB9 /* swift-openglTests.xctest */ = {isa = PBXFileReference; explicitFileType = wrapper.cfbundle; includeInIndex = 0; path = "swift-openglTests.xctest"; sourceTree = BUILT_PRODUCTS_DIR; };
		A0BA90DC2A93FB5C00944CB9 /* swift_openglTests.swift */ = {isa = PBXFileReference; lastKnownFileType = sourcecode.swift; path = swift_openglTests.swift; sourceTree = "<group>"; };
		A0BA90E32A93FC1E00944CB9 /* MatrixTests.swift */ = {isa = PBXFileReference; lastKnownFileType = sourcecode.swift; path = MatrixTests.swift; sourceTree = "<group>"; };
		A0BA90E52A953FFF00944CB9 /* Matrix.swift */ = {isa = PBXFileReference; lastKnownFileType = sourcecode.swift; path = Matrix.swift; sourceTree = "<group>"; };
		A0BA90E82A954CF300944CB9 /* Vector.swift */ = {isa = PBXFileReference; lastKnownFileType = sourcecode.swift; path = Vector.swift; sourceTree = "<group>"; };
		A0BA90EB2A954D4F00944CB9 /* VectorTests.swift */ = {isa = PBXFileReference; lastKnownFileType = sourcecode.swift; path = VectorTests.swift; sourceTree = "<group>"; };
		A0BF7AF52A8431AD0043FDA6 /* swift-opengl.app */ = {isa = PBXFileReference; explicitFileType = wrapper.application; includeInIndex = 0; path = "swift-opengl.app"; sourceTree = BUILT_PRODUCTS_DIR; };
		A0BF7AF82A8431AD0043FDA6 /* AppDelegate.swift */ = {isa = PBXFileReference; lastKnownFileType = sourcecode.swift; path = AppDelegate.swift; sourceTree = "<group>"; };
		A0BF7AFA2A8431AD0043FDA6 /* SceneDelegate.swift */ = {isa = PBXFileReference; lastKnownFileType = sourcecode.swift; path = SceneDelegate.swift; sourceTree = "<group>"; };
		A0BF7AFC2A8431AD0043FDA6 /* ViewController.swift */ = {isa = PBXFileReference; lastKnownFileType = sourcecode.swift; path = ViewController.swift; sourceTree = "<group>"; };
		A0BF7AFF2A8431AD0043FDA6 /* Base */ = {isa = PBXFileReference; lastKnownFileType = file.storyboard; name = Base; path = Base.lproj/Main.storyboard; sourceTree = "<group>"; };
		A0BF7B012A8431B20043FDA6 /* Assets.xcassets */ = {isa = PBXFileReference; lastKnownFileType = folder.assetcatalog; path = Assets.xcassets; sourceTree = "<group>"; };
		A0BF7B042A8431B20043FDA6 /* Base */ = {isa = PBXFileReference; lastKnownFileType = file.storyboard; name = Base; path = Base.lproj/LaunchScreen.storyboard; sourceTree = "<group>"; };
		A0BF7B062A8431B20043FDA6 /* Info.plist */ = {isa = PBXFileReference; lastKnownFileType = text.plist.xml; path = Info.plist; sourceTree = "<group>"; };
		A0BF7B0C2A8437FD0043FDA6 /* Vertex.swift */ = {isa = PBXFileReference; lastKnownFileType = sourcecode.swift; path = Vertex.swift; sourceTree = "<group>"; };
		A0BF7B112A8438740043FDA6 /* ArrayExtension.swift */ = {isa = PBXFileReference; lastKnownFileType = sourcecode.swift; path = ArrayExtension.swift; sourceTree = "<group>"; };
		A0BF7B132A895F1A0043FDA6 /* ViewController+ContextMenu.swift */ = {isa = PBXFileReference; lastKnownFileType = sourcecode.swift; path = "ViewController+ContextMenu.swift"; sourceTree = "<group>"; };
		A0BF7B152A89600E0043FDA6 /* ViewController+OpenGL.swift */ = {isa = PBXFileReference; lastKnownFileType = sourcecode.swift; path = "ViewController+OpenGL.swift"; sourceTree = "<group>"; };
		A0BF7B182A8AB63A0043FDA6 /* SquareController.swift */ = {isa = PBXFileReference; lastKnownFileType = sourcecode.swift; path = SquareController.swift; sourceTree = "<group>"; };
		A0BF7B1A2A8AB6930043FDA6 /* SplashController.swift */ = {isa = PBXFileReference; lastKnownFileType = sourcecode.swift; path = SplashController.swift; sourceTree = "<group>"; };
		A0BF7B1C2A8ABA2F0043FDA6 /* SphereController.swift */ = {isa = PBXFileReference; lastKnownFileType = sourcecode.swift; path = SphereController.swift; sourceTree = "<group>"; };
		A0BF7B1E2A8B5DA60043FDA6 /* PyramidController.swift */ = {isa = PBXFileReference; lastKnownFileType = sourcecode.swift; path = PyramidController.swift; sourceTree = "<group>"; };
/* End PBXFileReference section */

/* Begin PBXFrameworksBuildPhase section */
		A0BA90D72A93FB5C00944CB9 /* Frameworks */ = {
			isa = PBXFrameworksBuildPhase;
			buildActionMask = 2147483647;
			files = (
			);
			runOnlyForDeploymentPostprocessing = 0;
		};
		A0BF7AF22A8431AD0043FDA6 /* Frameworks */ = {
			isa = PBXFrameworksBuildPhase;
			buildActionMask = 2147483647;
			files = (
			);
			runOnlyForDeploymentPostprocessing = 0;
		};
/* End PBXFrameworksBuildPhase section */

/* Begin PBXGroup section */
		A0BA90DB2A93FB5C00944CB9 /* swift-openglTests */ = {
			isa = PBXGroup;
			children = (
				A0BA90E32A93FC1E00944CB9 /* MatrixTests.swift */,
				A066719B2A97E76500A6FA29 /* QuaternionsTests.swift */,
				A0BA90DC2A93FB5C00944CB9 /* swift_openglTests.swift */,
				A0BA90EB2A954D4F00944CB9 /* VectorTests.swift */,
			);
			path = "swift-openglTests";
			sourceTree = "<group>";
		};
		A0BF7AEC2A8431AD0043FDA6 = {
			isa = PBXGroup;
			children = (
				A066717A2A95CB4300A6FA29 /* swift-opengl.xctestplan */,
				A0BF7AF62A8431AD0043FDA6 /* Products */,
				A0BF7AF72A8431AD0043FDA6 /* swift-opengl */,
				A0BA90DB2A93FB5C00944CB9 /* swift-openglTests */,
			);
			sourceTree = "<group>";
		};
		A0BF7AF62A8431AD0043FDA6 /* Products */ = {
			isa = PBXGroup;
			children = (
				A0BF7AF52A8431AD0043FDA6 /* swift-opengl.app */,
				A0BA90DA2A93FB5C00944CB9 /* swift-openglTests.xctest */,
			);
			name = Products;
			sourceTree = "<group>";
		};
		A0BF7AF72A8431AD0043FDA6 /* swift-opengl */ = {
			isa = PBXGroup;
			children = (
				A0BF7AF82A8431AD0043FDA6 /* AppDelegate.swift */,
				A0BF7B012A8431B20043FDA6 /* Assets.xcassets */,
				A0BF7B062A8431B20043FDA6 /* Info.plist */,
				A0BF7B032A8431B20043FDA6 /* LaunchScreen.storyboard */,
				A0BF7AFE2A8431AD0043FDA6 /* Main.storyboard */,
				A0BF7AFA2A8431AD0043FDA6 /* SceneDelegate.swift */,
				A0BF7B0F2A84381E0043FDA6 /* src */,
			);
			path = "swift-opengl";
			sourceTree = "<group>";
		};
		A0BF7B0F2A84381E0043FDA6 /* src */ = {
			isa = PBXGroup;
			children = (
				A0BF7B102A8438660043FDA6 /* extensions */,
				A0BA90E52A953FFF00944CB9 /* Matrix.swift */,
				A06671992A97B78A00A6FA29 /* Quaternions.swift */,
				A0BF7B172A8AB61E0043FDA6 /* shapes */,
				A0BA90E82A954CF300944CB9 /* Vector.swift */,
				A0BF7B0C2A8437FD0043FDA6 /* Vertex.swift */,
				A0BF7AFC2A8431AD0043FDA6 /* ViewController.swift */,
				A0BF7B132A895F1A0043FDA6 /* ViewController+ContextMenu.swift */,
				A0BF7B152A89600E0043FDA6 /* ViewController+OpenGL.swift */,
			);
			path = src;
			sourceTree = "<group>";
		};
		A0BF7B102A8438660043FDA6 /* extensions */ = {
			isa = PBXGroup;
			children = (
				A0BF7B112A8438740043FDA6 /* ArrayExtension.swift */,
			);
			path = extensions;
			sourceTree = "<group>";
		};
		A0BF7B172A8AB61E0043FDA6 /* shapes */ = {
			isa = PBXGroup;
			children = (
				A0BF7B1E2A8B5DA60043FDA6 /* PyramidController.swift */,
				A0BF7B1C2A8ABA2F0043FDA6 /* SphereController.swift */,
				A0BF7B1A2A8AB6930043FDA6 /* SplashController.swift */,
				A0BF7B182A8AB63A0043FDA6 /* SquareController.swift */,
			);
			path = shapes;
			sourceTree = "<group>";
		};
/* End PBXGroup section */

/* Begin PBXNativeTarget section */
		A0BA90D92A93FB5C00944CB9 /* swift-openglTests */ = {
			isa = PBXNativeTarget;
			buildConfigurationList = A0BA90E22A93FB5C00944CB9 /* Build configuration list for PBXNativeTarget "swift-openglTests" */;
			buildPhases = (
				A0BA90D62A93FB5C00944CB9 /* Sources */,
				A0BA90D72A93FB5C00944CB9 /* Frameworks */,
				A0BA90D82A93FB5C00944CB9 /* Resources */,
			);
			buildRules = (
			);
			dependencies = (
				A0BA90DF2A93FB5C00944CB9 /* PBXTargetDependency */,
			);
			name = "swift-openglTests";
			productName = "swift-openglTests";
			productReference = A0BA90DA2A93FB5C00944CB9 /* swift-openglTests.xctest */;
			productType = "com.apple.product-type.bundle.unit-test";
		};
		A0BF7AF42A8431AD0043FDA6 /* swift-opengl */ = {
			isa = PBXNativeTarget;
			buildConfigurationList = A0BF7B092A8431B20043FDA6 /* Build configuration list for PBXNativeTarget "swift-opengl" */;
			buildPhases = (
				A0BF7AF12A8431AD0043FDA6 /* Sources */,
				A0BF7AF22A8431AD0043FDA6 /* Frameworks */,
				A0BF7AF32A8431AD0043FDA6 /* Resources */,
			);
			buildRules = (
			);
			dependencies = (
			);
			name = "swift-opengl";
			productName = "swift-opengl";
			productReference = A0BF7AF52A8431AD0043FDA6 /* swift-opengl.app */;
			productType = "com.apple.product-type.application";
		};
/* End PBXNativeTarget section */

/* Begin PBXProject section */
		A0BF7AED2A8431AD0043FDA6 /* Project object */ = {
			isa = PBXProject;
			attributes = {
				BuildIndependentTargetsInParallel = 1;
				LastSwiftUpdateCheck = 1430;
				LastUpgradeCheck = 1430;
				TargetAttributes = {
					A0BA90D92A93FB5C00944CB9 = {
						CreatedOnToolsVersion = 14.3;
						TestTargetID = A0BF7AF42A8431AD0043FDA6;
					};
					A0BF7AF42A8431AD0043FDA6 = {
						CreatedOnToolsVersion = 14.3;
					};
				};
			};
			buildConfigurationList = A0BF7AF02A8431AD0043FDA6 /* Build configuration list for PBXProject "swift-opengl" */;
			compatibilityVersion = "Xcode 14.0";
			developmentRegion = en;
			hasScannedForEncodings = 0;
			knownRegions = (
				en,
				Base,
			);
			mainGroup = A0BF7AEC2A8431AD0043FDA6;
			productRefGroup = A0BF7AF62A8431AD0043FDA6 /* Products */;
			projectDirPath = "";
			projectRoot = "";
			targets = (
				A0BF7AF42A8431AD0043FDA6 /* swift-opengl */,
				A0BA90D92A93FB5C00944CB9 /* swift-openglTests */,
			);
		};
/* End PBXProject section */

/* Begin PBXResourcesBuildPhase section */
		A0BA90D82A93FB5C00944CB9 /* Resources */ = {
			isa = PBXResourcesBuildPhase;
			buildActionMask = 2147483647;
			files = (
			);
			runOnlyForDeploymentPostprocessing = 0;
		};
		A0BF7AF32A8431AD0043FDA6 /* Resources */ = {
			isa = PBXResourcesBuildPhase;
			buildActionMask = 2147483647;
			files = (
				A0BF7B052A8431B20043FDA6 /* LaunchScreen.storyboard in Resources */,
				A0BF7B022A8431B20043FDA6 /* Assets.xcassets in Resources */,
				A0BF7B002A8431AD0043FDA6 /* Main.storyboard in Resources */,
			);
			runOnlyForDeploymentPostprocessing = 0;
		};
/* End PBXResourcesBuildPhase section */

/* Begin PBXSourcesBuildPhase section */
		A0BA90D62A93FB5C00944CB9 /* Sources */ = {
			isa = PBXSourcesBuildPhase;
			buildActionMask = 2147483647;
			files = (
				A0BA90E42A93FC1E00944CB9 /* MatrixTests.swift in Sources */,
				A0BA90DD2A93FB5C00944CB9 /* swift_openglTests.swift in Sources */,
				A0BA90EA2A954D0900944CB9 /* Vector.swift in Sources */,
				A0BA90E72A9540CD00944CB9 /* Matrix.swift in Sources */,
				A066719D2A97E7E100A6FA29 /* Quaternions.swift in Sources */,
				A0BA90EC2A954D4F00944CB9 /* VectorTests.swift in Sources */,
				A066719C2A97E76500A6FA29 /* QuaternionsTests.swift in Sources */,
			);
			runOnlyForDeploymentPostprocessing = 0;
		};
		A0BF7AF12A8431AD0043FDA6 /* Sources */ = {
			isa = PBXSourcesBuildPhase;
			buildActionMask = 2147483647;
			files = (
				A0BF7B122A8438740043FDA6 /* ArrayExtension.swift in Sources */,
				A0BF7AFD2A8431AD0043FDA6 /* ViewController.swift in Sources */,
				A0BF7B162A89600E0043FDA6 /* ViewController+OpenGL.swift in Sources */,
				A0BF7B142A895F1A0043FDA6 /* ViewController+ContextMenu.swift in Sources */,
				A0BF7B1F2A8B5DA60043FDA6 /* PyramidController.swift in Sources */,
				A0BF7B0D2A8437FD0043FDA6 /* Vertex.swift in Sources */,
				A0BF7AF92A8431AD0043FDA6 /* AppDelegate.swift in Sources */,
				A0BF7B1D2A8ABA2F0043FDA6 /* SphereController.swift in Sources */,
				A0BA90E92A954CF300944CB9 /* Vector.swift in Sources */,
				A0BA90E62A953FFF00944CB9 /* Matrix.swift in Sources */,
				A0BF7B192A8AB63A0043FDA6 /* SquareController.swift in Sources */,
				A066719A2A97B78A00A6FA29 /* Quaternions.swift in Sources */,
				A0BF7AFB2A8431AD0043FDA6 /* SceneDelegate.swift in Sources */,
				A0BF7B1B2A8AB6930043FDA6 /* SplashController.swift in Sources */,
			);
			runOnlyForDeploymentPostprocessing = 0;
		};
/* End PBXSourcesBuildPhase section */

/* Begin PBXTargetDependency section */
		A0BA90DF2A93FB5C00944CB9 /* PBXTargetDependency */ = {
			isa = PBXTargetDependency;
			target = A0BF7AF42A8431AD0043FDA6 /* swift-opengl */;
			targetProxy = A0BA90DE2A93FB5C00944CB9 /* PBXContainerItemProxy */;
		};
/* End PBXTargetDependency section */

/* Begin PBXVariantGroup section */
		A0BF7AFE2A8431AD0043FDA6 /* Main.storyboard */ = {
			isa = PBXVariantGroup;
			children = (
				A0BF7AFF2A8431AD0043FDA6 /* Base */,
			);
			name = Main.storyboard;
			sourceTree = "<group>";
		};
		A0BF7B032A8431B20043FDA6 /* LaunchScreen.storyboard */ = {
			isa = PBXVariantGroup;
			children = (
				A0BF7B042A8431B20043FDA6 /* Base */,
			);
			name = LaunchScreen.storyboard;
			sourceTree = "<group>";
		};
/* End PBXVariantGroup section */

/* Begin XCBuildConfiguration section */
		A0BA90E02A93FB5C00944CB9 /* Debug */ = {
			isa = XCBuildConfiguration;
			buildSettings = {
				BUNDLE_LOADER = "$(TEST_HOST)";
				CODE_SIGN_STYLE = Automatic;
				CURRENT_PROJECT_VERSION = 1;
				DEVELOPMENT_TEAM = 6YZP4BVF2B;
				GCC_PREPROCESSOR_DEFINITIONS = (
					"DEBUG=1",
					"$(inherited)",
				);
				GENERATE_INFOPLIST_FILE = YES;
				IPHONEOS_DEPLOYMENT_TARGET = 16.4;
				MARKETING_VERSION = 1.0;
				PRODUCT_BUNDLE_IDENTIFIER = "com.jeromebach.swift-openglTests";
				PRODUCT_NAME = "$(TARGET_NAME)";
				SWIFT_EMIT_LOC_STRINGS = NO;
				SWIFT_VERSION = 5.0;
				TARGETED_DEVICE_FAMILY = "1,2";
				TEST_HOST = "$(BUILT_PRODUCTS_DIR)/swift-opengl.app/$(BUNDLE_EXECUTABLE_FOLDER_PATH)/swift-opengl";
			};
			name = Debug;
		};
		A0BA90E12A93FB5C00944CB9 /* Release */ = {
			isa = XCBuildConfiguration;
			buildSettings = {
				BUNDLE_LOADER = "$(TEST_HOST)";
				CODE_SIGN_STYLE = Automatic;
				CURRENT_PROJECT_VERSION = 1;
				DEVELOPMENT_TEAM = 6YZP4BVF2B;
				GENERATE_INFOPLIST_FILE = YES;
				IPHONEOS_DEPLOYMENT_TARGET = 16.4;
				MARKETING_VERSION = 1.0;
				PRODUCT_BUNDLE_IDENTIFIER = "com.jeromebach.swift-openglTests";
				PRODUCT_NAME = "$(TARGET_NAME)";
				SWIFT_EMIT_LOC_STRINGS = NO;
				SWIFT_VERSION = 5.0;
				TARGETED_DEVICE_FAMILY = "1,2";
				TEST_HOST = "$(BUILT_PRODUCTS_DIR)/swift-opengl.app/$(BUNDLE_EXECUTABLE_FOLDER_PATH)/swift-opengl";
			};
			name = Release;
		};
		A0BF7B072A8431B20043FDA6 /* Debug */ = {
			isa = XCBuildConfiguration;
			buildSettings = {
				ALWAYS_SEARCH_USER_PATHS = NO;
				CLANG_ANALYZER_NONNULL = YES;
				CLANG_ANALYZER_NUMBER_OBJECT_CONVERSION = YES_AGGRESSIVE;
				CLANG_CXX_LANGUAGE_STANDARD = "gnu++20";
				CLANG_ENABLE_MODULES = YES;
				CLANG_ENABLE_OBJC_ARC = YES;
				CLANG_ENABLE_OBJC_WEAK = YES;
				CLANG_WARN_BLOCK_CAPTURE_AUTORELEASING = YES;
				CLANG_WARN_BOOL_CONVERSION = YES;
				CLANG_WARN_COMMA = YES;
				CLANG_WARN_CONSTANT_CONVERSION = YES;
				CLANG_WARN_DEPRECATED_OBJC_IMPLEMENTATIONS = YES;
				CLANG_WARN_DIRECT_OBJC_ISA_USAGE = YES_ERROR;
				CLANG_WARN_DOCUMENTATION_COMMENTS = YES;
				CLANG_WARN_EMPTY_BODY = YES;
				CLANG_WARN_ENUM_CONVERSION = YES;
				CLANG_WARN_INFINITE_RECURSION = YES;
				CLANG_WARN_INT_CONVERSION = YES;
				CLANG_WARN_NON_LITERAL_NULL_CONVERSION = YES;
				CLANG_WARN_OBJC_IMPLICIT_RETAIN_SELF = YES;
				CLANG_WARN_OBJC_LITERAL_CONVERSION = YES;
				CLANG_WARN_OBJC_ROOT_CLASS = YES_ERROR;
				CLANG_WARN_QUOTED_INCLUDE_IN_FRAMEWORK_HEADER = YES;
				CLANG_WARN_RANGE_LOOP_ANALYSIS = YES;
				CLANG_WARN_STRICT_PROTOTYPES = YES;
				CLANG_WARN_SUSPICIOUS_MOVE = YES;
				CLANG_WARN_UNGUARDED_AVAILABILITY = YES_AGGRESSIVE;
				CLANG_WARN_UNREACHABLE_CODE = YES;
				CLANG_WARN__DUPLICATE_METHOD_MATCH = YES;
				COPY_PHASE_STRIP = NO;
				DEBUG_INFORMATION_FORMAT = dwarf;
				ENABLE_STRICT_OBJC_MSGSEND = YES;
				ENABLE_TESTABILITY = YES;
				GCC_C_LANGUAGE_STANDARD = gnu11;
				GCC_DYNAMIC_NO_PIC = NO;
				GCC_NO_COMMON_BLOCKS = YES;
				GCC_OPTIMIZATION_LEVEL = 0;
				GCC_PREPROCESSOR_DEFINITIONS = (
					"GLES_SILENCE_DEPRECATION=1",
					"DEBUG=1",
					"$(inherited)",
				);
				GCC_WARN_64_TO_32_BIT_CONVERSION = YES;
				GCC_WARN_ABOUT_RETURN_TYPE = YES_ERROR;
				GCC_WARN_UNDECLARED_SELECTOR = YES;
				GCC_WARN_UNINITIALIZED_AUTOS = YES_AGGRESSIVE;
				GCC_WARN_UNUSED_FUNCTION = YES;
				GCC_WARN_UNUSED_VARIABLE = YES;
				IPHONEOS_DEPLOYMENT_TARGET = 16.0;
				MTL_ENABLE_DEBUG_INFO = INCLUDE_SOURCE;
				MTL_FAST_MATH = YES;
				ONLY_ACTIVE_ARCH = YES;
				SDKROOT = iphoneos;
				SWIFT_ACTIVE_COMPILATION_CONDITIONS = DEBUG;
				SWIFT_OPTIMIZATION_LEVEL = "-Onone";
			};
			name = Debug;
		};
		A0BF7B082A8431B20043FDA6 /* Release */ = {
			isa = XCBuildConfiguration;
			buildSettings = {
				ALWAYS_SEARCH_USER_PATHS = NO;
				CLANG_ANALYZER_NONNULL = YES;
				CLANG_ANALYZER_NUMBER_OBJECT_CONVERSION = YES_AGGRESSIVE;
				CLANG_CXX_LANGUAGE_STANDARD = "gnu++20";
				CLANG_ENABLE_MODULES = YES;
				CLANG_ENABLE_OBJC_ARC = YES;
				CLANG_ENABLE_OBJC_WEAK = YES;
				CLANG_WARN_BLOCK_CAPTURE_AUTORELEASING = YES;
				CLANG_WARN_BOOL_CONVERSION = YES;
				CLANG_WARN_COMMA = YES;
				CLANG_WARN_CONSTANT_CONVERSION = YES;
				CLANG_WARN_DEPRECATED_OBJC_IMPLEMENTATIONS = YES;
				CLANG_WARN_DIRECT_OBJC_ISA_USAGE = YES_ERROR;
				CLANG_WARN_DOCUMENTATION_COMMENTS = YES;
				CLANG_WARN_EMPTY_BODY = YES;
				CLANG_WARN_ENUM_CONVERSION = YES;
				CLANG_WARN_INFINITE_RECURSION = YES;
				CLANG_WARN_INT_CONVERSION = YES;
				CLANG_WARN_NON_LITERAL_NULL_CONVERSION = YES;
				CLANG_WARN_OBJC_IMPLICIT_RETAIN_SELF = YES;
				CLANG_WARN_OBJC_LITERAL_CONVERSION = YES;
				CLANG_WARN_OBJC_ROOT_CLASS = YES_ERROR;
				CLANG_WARN_QUOTED_INCLUDE_IN_FRAMEWORK_HEADER = YES;
				CLANG_WARN_RANGE_LOOP_ANALYSIS = YES;
				CLANG_WARN_STRICT_PROTOTYPES = YES;
				CLANG_WARN_SUSPICIOUS_MOVE = YES;
				CLANG_WARN_UNGUARDED_AVAILABILITY = YES_AGGRESSIVE;
				CLANG_WARN_UNREACHABLE_CODE = YES;
				CLANG_WARN__DUPLICATE_METHOD_MATCH = YES;
				COPY_PHASE_STRIP = NO;
				DEBUG_INFORMATION_FORMAT = "dwarf-with-dsym";
				ENABLE_NS_ASSERTIONS = NO;
				ENABLE_STRICT_OBJC_MSGSEND = YES;
				GCC_C_LANGUAGE_STANDARD = gnu11;
				GCC_NO_COMMON_BLOCKS = YES;
				GCC_PREPROCESSOR_DEFINITIONS = "GLES_SILENCE_DEPRECATION=1";
				GCC_WARN_64_TO_32_BIT_CONVERSION = YES;
				GCC_WARN_ABOUT_RETURN_TYPE = YES_ERROR;
				GCC_WARN_UNDECLARED_SELECTOR = YES;
				GCC_WARN_UNINITIALIZED_AUTOS = YES_AGGRESSIVE;
				GCC_WARN_UNUSED_FUNCTION = YES;
				GCC_WARN_UNUSED_VARIABLE = YES;
				IPHONEOS_DEPLOYMENT_TARGET = 16.0;
				MTL_ENABLE_DEBUG_INFO = NO;
				MTL_FAST_MATH = YES;
				SDKROOT = iphoneos;
				SWIFT_COMPILATION_MODE = wholemodule;
				SWIFT_OPTIMIZATION_LEVEL = "-O";
				VALIDATE_PRODUCT = YES;
			};
			name = Release;
		};
		A0BF7B0A2A8431B20043FDA6 /* Debug */ = {
			isa = XCBuildConfiguration;
			buildSettings = {
				ASSETCATALOG_COMPILER_APPICON_NAME = AppIcon;
				ASSETCATALOG_COMPILER_GLOBAL_ACCENT_COLOR_NAME = AccentColor;
				CODE_SIGN_STYLE = Automatic;
				CURRENT_PROJECT_VERSION = 1;
				DEVELOPMENT_TEAM = "${DEVELOPMENT_TEAM}";
				GENERATE_INFOPLIST_FILE = YES;
				INFOPLIST_FILE = "swift-opengl/Info.plist";
				INFOPLIST_KEY_UIApplicationSupportsIndirectInputEvents = YES;
				INFOPLIST_KEY_UILaunchStoryboardName = LaunchScreen;
				INFOPLIST_KEY_UIMainStoryboardFile = Main;
				INFOPLIST_KEY_UISupportedInterfaceOrientations_iPad = "UIInterfaceOrientationPortrait UIInterfaceOrientationPortraitUpsideDown UIInterfaceOrientationLandscapeLeft UIInterfaceOrientationLandscapeRight";
				INFOPLIST_KEY_UISupportedInterfaceOrientations_iPhone = "UIInterfaceOrientationPortrait UIInterfaceOrientationLandscapeLeft UIInterfaceOrientationLandscapeRight";
				LD_RUNPATH_SEARCH_PATHS = (
					"$(inherited)",
					"@executable_path/Frameworks",
				);
				MARKETING_VERSION = 1.0;
				PRODUCT_BUNDLE_IDENTIFIER = "com.jeromebach.swift-opengl";
				PRODUCT_NAME = "$(TARGET_NAME)";
				SWIFT_EMIT_LOC_STRINGS = YES;
				SWIFT_VERSION = 5.0;
				TARGETED_DEVICE_FAMILY = "1,2";
			};
			name = Debug;
		};
		A0BF7B0B2A8431B20043FDA6 /* Release */ = {
			isa = XCBuildConfiguration;
			buildSettings = {
				ASSETCATALOG_COMPILER_APPICON_NAME = AppIcon;
				ASSETCATALOG_COMPILER_GLOBAL_ACCENT_COLOR_NAME = AccentColor;
				CODE_SIGN_STYLE = Automatic;
				CURRENT_PROJECT_VERSION = 1;
				DEVELOPMENT_TEAM = "${DEVELOPMENT_TEAM}";
				GENERATE_INFOPLIST_FILE = YES;
				INFOPLIST_FILE = "swift-opengl/Info.plist";
				INFOPLIST_KEY_UIApplicationSupportsIndirectInputEvents = YES;
				INFOPLIST_KEY_UILaunchStoryboardName = LaunchScreen;
				INFOPLIST_KEY_UIMainStoryboardFile = Main;
				INFOPLIST_KEY_UISupportedInterfaceOrientations_iPad = "UIInterfaceOrientationPortrait UIInterfaceOrientationPortraitUpsideDown UIInterfaceOrientationLandscapeLeft UIInterfaceOrientationLandscapeRight";
				INFOPLIST_KEY_UISupportedInterfaceOrientations_iPhone = "UIInterfaceOrientationPortrait UIInterfaceOrientationLandscapeLeft UIInterfaceOrientationLandscapeRight";
				LD_RUNPATH_SEARCH_PATHS = (
					"$(inherited)",
					"@executable_path/Frameworks",
				);
				MARKETING_VERSION = 1.0;
				PRODUCT_BUNDLE_IDENTIFIER = "com.jeromebach.swift-opengl";
				PRODUCT_NAME = "$(TARGET_NAME)";
				SWIFT_EMIT_LOC_STRINGS = YES;
				SWIFT_VERSION = 5.0;
				TARGETED_DEVICE_FAMILY = "1,2";
			};
			name = Release;
		};
/* End XCBuildConfiguration section */

/* Begin XCConfigurationList section */
		A0BA90E22A93FB5C00944CB9 /* Build configuration list for PBXNativeTarget "swift-openglTests" */ = {
			isa = XCConfigurationList;
			buildConfigurations = (
				A0BA90E02A93FB5C00944CB9 /* Debug */,
				A0BA90E12A93FB5C00944CB9 /* Release */,
			);
			defaultConfigurationIsVisible = 0;
			defaultConfigurationName = Release;
		};
		A0BF7AF02A8431AD0043FDA6 /* Build configuration list for PBXProject "swift-opengl" */ = {
			isa = XCConfigurationList;
			buildConfigurations = (
				A0BF7B072A8431B20043FDA6 /* Debug */,
				A0BF7B082A8431B20043FDA6 /* Release */,
			);
			defaultConfigurationIsVisible = 0;
			defaultConfigurationName = Release;
		};
		A0BF7B092A8431B20043FDA6 /* Build configuration list for PBXNativeTarget "swift-opengl" */ = {
			isa = XCConfigurationList;
			buildConfigurations = (
				A0BF7B0A2A8431B20043FDA6 /* Debug */,
				A0BF7B0B2A8431B20043FDA6 /* Release */,
			);
			defaultConfigurationIsVisible = 0;
			defaultConfigurationName = Release;
		};
/* End XCConfigurationList section */
	};
	rootObject = A0BF7AED2A8431AD0043FDA6 /* Project object */;
}
